
Microsoft Visual Studio Solution File, Format Version 12.00
# Visual Studio 15
VisualStudioVersion = 15.0.27130.2027
MinimumVisualStudioVersion = 10.0.40219.1
Project("{9A19103F-16F7-4668-BE54-9A1E7A4F7556}") = "g16_dotnet", "g16_dotnet\g16_dotnet.csproj", "{B7BC5532-D717-4CB7-B836-47257A49ABB4}"
EndProject
Project("{FAE04EC0-301F-11D3-BF4B-00C04F79EFBC}") = "g16_dotnet.Tests", "g16_dotnet.Tests\g16_dotnet.Tests.csproj", "{943CB725-382C-402A-BB37-3D7837A0660A}"
EndProject
Global
	GlobalSection(SolutionConfigurationPlatforms) = preSolution
		Debug|Any CPU = Debug|Any CPU
		Release|Any CPU = Release|Any CPU
	EndGlobalSection
	GlobalSection(ProjectConfigurationPlatforms) = postSolution
		{B7BC5532-D717-4CB7-B836-47257A49ABB4}.Debug|Any CPU.ActiveCfg = Debug|Any CPU
		{B7BC5532-D717-4CB7-B836-47257A49ABB4}.Debug|Any CPU.Build.0 = Debug|Any CPU
		{B7BC5532-D717-4CB7-B836-47257A49ABB4}.Release|Any CPU.ActiveCfg = Release|Any CPU
		{B7BC5532-D717-4CB7-B836-47257A49ABB4}.Release|Any CPU.Build.0 = Release|Any CPU
		{943CB725-382C-402A-BB37-3D7837A0660A}.Debug|Any CPU.ActiveCfg = Debug|Any CPU
		{943CB725-382C-402A-BB37-3D7837A0660A}.Debug|Any CPU.Build.0 = Debug|Any CPU
		{943CB725-382C-402A-BB37-3D7837A0660A}.Release|Any CPU.ActiveCfg = Release|Any CPU
		{943CB725-382C-402A-BB37-3D7837A0660A}.Release|Any CPU.Build.0 = Release|Any CPU
	EndGlobalSection
	GlobalSection(SolutionProperties) = preSolution
		HideSolutionNode = FALSE
	EndGlobalSection
	GlobalSection(ExtensibilityGlobals) = postSolution
		SolutionGuid = {040D6E7D-E88C-4725-B25C-56BB9E0E7863}
	EndGlobalSection
EndGlobal
